
Microsoft Visual Studio Solution File, Format Version 12.00
# Visual Studio Version 17
VisualStudioVersion = 17.11.35327.3
MinimumVisualStudioVersion = 10.0.40219.1
Project("{FAE04EC0-301F-11D3-BF4B-00C04F79EFBC}") = "DDT", "DDT\DDT.csproj", "{5E6D81C1-F801-4960-9F2F-42715E2F1EFD}"
EndProject
Global
	GlobalSection(SolutionConfigurationPlatforms) = preSolution
		Debug|Any CPU = Debug|Any CPU
		Release|Any CPU = Release|Any CPU
	EndGlobalSection
	GlobalSection(ProjectConfigurationPlatforms) = postSolution
		{5E6D81C1-F801-4960-9F2F-42715E2F1EFD}.Debug|Any CPU.ActiveCfg = Debug|Any CPU
		{5E6D81C1-F801-4960-9F2F-42715E2F1EFD}.Debug|Any CPU.Build.0 = Debug|Any CPU
		{5E6D81C1-F801-4960-9F2F-42715E2F1EFD}.Release|Any CPU.ActiveCfg = Release|Any CPU
		{5E6D81C1-F801-4960-9F2F-42715E2F1EFD}.Release|Any CPU.Build.0 = Release|Any CPU
	EndGlobalSection
	GlobalSection(SolutionProperties) = preSolution
		HideSolutionNode = FALSE
	EndGlobalSection
	GlobalSection(ExtensibilityGlobals) = postSolution
		SolutionGuid = {61C74900-7FC1-49B3-9251-FA9CD6810F7D}
	EndGlobalSection
EndGlobal
